// !$*UTF8*$!
{
	archiveVersion = 1;
	classes = {
	};
	objectVersion = 50;
	objects = {

/* Begin PBXBuildFile section */
		4C8828862149A77A009E10E5 /* AppDelegate.swift in Sources */ = {isa = PBXBuildFile; fileRef = 4C8828852149A77A009E10E5 /* AppDelegate.swift */; };
		4C8828882149A77A009E10E5 /* ViewController.swift in Sources */ = {isa = PBXBuildFile; fileRef = 4C8828872149A77A009E10E5 /* ViewController.swift */; };
		4C88288B2149A77A009E10E5 /* Main.storyboard in Resources */ = {isa = PBXBuildFile; fileRef = 4C8828892149A77A009E10E5 /* Main.storyboard */; };
		4C88288D2149A77B009E10E5 /* Assets.xcassets in Resources */ = {isa = PBXBuildFile; fileRef = 4C88288C2149A77B009E10E5 /* Assets.xcassets */; };
		4C8828902149A77B009E10E5 /* LaunchScreen.storyboard in Resources */ = {isa = PBXBuildFile; fileRef = 4C88288E2149A77B009E10E5 /* LaunchScreen.storyboard */; };
		4C88289B2149A77B009E10E5 /* TumblrFeedTests.swift in Sources */ = {isa = PBXBuildFile; fileRef = 4C88289A2149A77B009E10E5 /* TumblrFeedTests.swift */; };
		4C8828A62149A77B009E10E5 /* TumblrFeedUITests.swift in Sources */ = {isa = PBXBuildFile; fileRef = 4C8828A52149A77B009E10E5 /* TumblrFeedUITests.swift */; };
/* End PBXBuildFile section */

/* Begin PBXContainerItemProxy section */
		4C8828972149A77B009E10E5 /* PBXContainerItemProxy */ = {
			isa = PBXContainerItemProxy;
			containerPortal = 4C88287A2149A77A009E10E5 /* Project object */;
			proxyType = 1;
			remoteGlobalIDString = 4C8828812149A77A009E10E5;
			remoteInfo = TumblrFeed;
		};
		4C8828A22149A77B009E10E5 /* PBXContainerItemProxy */ = {
			isa = PBXContainerItemProxy;
			containerPortal = 4C88287A2149A77A009E10E5 /* Project object */;
			proxyType = 1;
			remoteGlobalIDString = 4C8828812149A77A009E10E5;
			remoteInfo = TumblrFeed;
		};
/* End PBXContainerItemProxy section */

/* Begin PBXFileReference section */
		4C8828822149A77A009E10E5 /* TumblrFeed.app */ = {isa = PBXFileReference; explicitFileType = wrapper.application; includeInIndex = 0; path = TumblrFeed.app; sourceTree = BUILT_PRODUCTS_DIR; };
		4C8828852149A77A009E10E5 /* AppDelegate.swift */ = {isa = PBXFileReference; lastKnownFileType = sourcecode.swift; path = AppDelegate.swift; sourceTree = "<group>"; };
		4C8828872149A77A009E10E5 /* ViewController.swift */ = {isa = PBXFileReference; lastKnownFileType = sourcecode.swift; path = ViewController.swift; sourceTree = "<group>"; };
		4C88288A2149A77A009E10E5 /* Base */ = {isa = PBXFileReference; lastKnownFileType = file.storyboard; name = Base; path = Base.lproj/Main.storyboard; sourceTree = "<group>"; };
		4C88288C2149A77B009E10E5 /* Assets.xcassets */ = {isa = PBXFileReference; lastKnownFileType = folder.assetcatalog; path = Assets.xcassets; sourceTree = "<group>"; };
		4C88288F2149A77B009E10E5 /* Base */ = {isa = PBXFileReference; lastKnownFileType = file.storyboard; name = Base; path = Base.lproj/LaunchScreen.storyboard; sourceTree = "<group>"; };
		4C8828912149A77B009E10E5 /* Info.plist */ = {isa = PBXFileReference; lastKnownFileType = text.plist.xml; path = Info.plist; sourceTree = "<group>"; };
		4C8828962149A77B009E10E5 /* TumblrFeedTests.xctest */ = {isa = PBXFileReference; explicitFileType = wrapper.cfbundle; includeInIndex = 0; path = TumblrFeedTests.xctest; sourceTree = BUILT_PRODUCTS_DIR; };
		4C88289A2149A77B009E10E5 /* TumblrFeedTests.swift */ = {isa = PBXFileReference; lastKnownFileType = sourcecode.swift; path = TumblrFeedTests.swift; sourceTree = "<group>"; };
		4C88289C2149A77B009E10E5 /* Info.plist */ = {isa = PBXFileReference; lastKnownFileType = text.plist.xml; path = Info.plist; sourceTree = "<group>"; };
		4C8828A12149A77B009E10E5 /* TumblrFeedUITests.xctest */ = {isa = PBXFileReference; explicitFileType = wrapper.cfbundle; includeInIndex = 0; path = TumblrFeedUITests.xctest; sourceTree = BUILT_PRODUCTS_DIR; };
		4C8828A52149A77B009E10E5 /* TumblrFeedUITests.swift */ = {isa = PBXFileReference; lastKnownFileType = sourcecode.swift; path = TumblrFeedUITests.swift; sourceTree = "<group>"; };
		4C8828A72149A77B009E10E5 /* Info.plist */ = {isa = PBXFileReference; lastKnownFileType = text.plist.xml; path = Info.plist; sourceTree = "<group>"; };
/* End PBXFileReference section */

/* Begin PBXFrameworksBuildPhase section */
		4C88287F2149A77A009E10E5 /* Frameworks */ = {
			isa = PBXFrameworksBuildPhase;
			buildActionMask = 2147483647;
			files = (
			);
			runOnlyForDeploymentPostprocessing = 0;
		};
		4C8828932149A77B009E10E5 /* Frameworks */ = {
			isa = PBXFrameworksBuildPhase;
			buildActionMask = 2147483647;
			files = (
			);
			runOnlyForDeploymentPostprocessing = 0;
		};
		4C88289E2149A77B009E10E5 /* Frameworks */ = {
			isa = PBXFrameworksBuildPhase;
			buildActionMask = 2147483647;
			files = (
			);
			runOnlyForDeploymentPostprocessing = 0;
		};
/* End PBXFrameworksBuildPhase section */

/* Begin PBXGroup section */
		4C8828792149A77A009E10E5 = {
			isa = PBXGroup;
			children = (
				4C8828842149A77A009E10E5 /* TumblrFeed */,
				4C8828992149A77B009E10E5 /* TumblrFeedTests */,
				4C8828A42149A77B009E10E5 /* TumblrFeedUITests */,
				4C8828832149A77A009E10E5 /* Products */,
			);
			sourceTree = "<group>";
		};
		4C8828832149A77A009E10E5 /* Products */ = {
			isa = PBXGroup;
			children = (
				4C8828822149A77A009E10E5 /* TumblrFeed.app */,
				4C8828962149A77B009E10E5 /* TumblrFeedTests.xctest */,
				4C8828A12149A77B009E10E5 /* TumblrFeedUITests.xctest */,
			);
			name = Products;
			sourceTree = "<group>";
		};
		4C8828842149A77A009E10E5 /* TumblrFeed */ = {
			isa = PBXGroup;
			children = (
				4C8828852149A77A009E10E5 /* AppDelegate.swift */,
				4C8828872149A77A009E10E5 /* ViewController.swift */,
				4C8828892149A77A009E10E5 /* Main.storyboard */,
				4C88288C2149A77B009E10E5 /* Assets.xcassets */,
				4C88288E2149A77B009E10E5 /* LaunchScreen.storyboard */,
				4C8828912149A77B009E10E5 /* Info.plist */,
			);
			path = TumblrFeed;
			sourceTree = "<group>";
		};
		4C8828992149A77B009E10E5 /* TumblrFeedTests */ = {
			isa = PBXGroup;
			children = (
				4C88289A2149A77B009E10E5 /* TumblrFeedTests.swift */,
				4C88289C2149A77B009E10E5 /* Info.plist */,
			);
			path = TumblrFeedTests;
			sourceTree = "<group>";
		};
		4C8828A42149A77B009E10E5 /* TumblrFeedUITests */ = {
			isa = PBXGroup;
			children = (
				4C8828A52149A77B009E10E5 /* TumblrFeedUITests.swift */,
				4C8828A72149A77B009E10E5 /* Info.plist */,
			);
			path = TumblrFeedUITests;
			sourceTree = "<group>";
		};
/* End PBXGroup section */

/* Begin PBXNativeTarget section */
		4C8828812149A77A009E10E5 /* TumblrFeed */ = {
			isa = PBXNativeTarget;
			buildConfigurationList = 4C8828AA2149A77B009E10E5 /* Build configuration list for PBXNativeTarget "TumblrFeed" */;
			buildPhases = (
				4C88287E2149A77A009E10E5 /* Sources */,
				4C88287F2149A77A009E10E5 /* Frameworks */,
				4C8828802149A77A009E10E5 /* Resources */,
			);
			buildRules = (
			);
			dependencies = (
			);
			name = TumblrFeed;
			productName = TumblrFeed;
			productReference = 4C8828822149A77A009E10E5 /* TumblrFeed.app */;
			productType = "com.apple.product-type.application";
		};
		4C8828952149A77B009E10E5 /* TumblrFeedTests */ = {
			isa = PBXNativeTarget;
			buildConfigurationList = 4C8828AD2149A77B009E10E5 /* Build configuration list for PBXNativeTarget "TumblrFeedTests" */;
			buildPhases = (
				4C8828922149A77B009E10E5 /* Sources */,
				4C8828932149A77B009E10E5 /* Frameworks */,
				4C8828942149A77B009E10E5 /* Resources */,
			);
			buildRules = (
			);
			dependencies = (
				4C8828982149A77B009E10E5 /* PBXTargetDependency */,
			);
			name = TumblrFeedTests;
			productName = TumblrFeedTests;
			productReference = 4C8828962149A77B009E10E5 /* TumblrFeedTests.xctest */;
			productType = "com.apple.product-type.bundle.unit-test";
		};
		4C8828A02149A77B009E10E5 /* TumblrFeedUITests */ = {
			isa = PBXNativeTarget;
			buildConfigurationList = 4C8828B02149A77B009E10E5 /* Build configuration list for PBXNativeTarget "TumblrFeedUITests" */;
			buildPhases = (
				4C88289D2149A77B009E10E5 /* Sources */,
				4C88289E2149A77B009E10E5 /* Frameworks */,
				4C88289F2149A77B009E10E5 /* Resources */,
			);
			buildRules = (
			);
			dependencies = (
				4C8828A32149A77B009E10E5 /* PBXTargetDependency */,
			);
			name = TumblrFeedUITests;
			productName = TumblrFeedUITests;
			productReference = 4C8828A12149A77B009E10E5 /* TumblrFeedUITests.xctest */;
			productType = "com.apple.product-type.bundle.ui-testing";
		};
/* End PBXNativeTarget section */

/* Begin PBXProject section */
		4C88287A2149A77A009E10E5 /* Project object */ = {
			isa = PBXProject;
			attributes = {
				LastSwiftUpdateCheck = 0940;
				LastUpgradeCheck = 0940;
				ORGANIZATIONNAME = Mari;
				TargetAttributes = {
					4C8828812149A77A009E10E5 = {
						CreatedOnToolsVersion = 9.4.1;
					};
					4C8828952149A77B009E10E5 = {
						CreatedOnToolsVersion = 9.4.1;
						TestTargetID = 4C8828812149A77A009E10E5;
					};
					4C8828A02149A77B009E10E5 = {
						CreatedOnToolsVersion = 9.4.1;
						TestTargetID = 4C8828812149A77A009E10E5;
					};
				};
			};
			buildConfigurationList = 4C88287D2149A77A009E10E5 /* Build configuration list for PBXProject "TumblrFeed" */;
			compatibilityVersion = "Xcode 9.3";
			developmentRegion = en;
			hasScannedForEncodings = 0;
			knownRegions = (
				en,
				Base,
			);
			mainGroup = 4C8828792149A77A009E10E5;
			productRefGroup = 4C8828832149A77A009E10E5 /* Products */;
			projectDirPath = "";
			projectRoot = "";
			targets = (
				4C8828812149A77A009E10E5 /* TumblrFeed */,
				4C8828952149A77B009E10E5 /* TumblrFeedTests */,
				4C8828A02149A77B009E10E5 /* TumblrFeedUITests */,
			);
		};
/* End PBXProject section */

/* Begin PBXResourcesBuildPhase section */
		4C8828802149A77A009E10E5 /* Resources */ = {
			isa = PBXResourcesBuildPhase;
			buildActionMask = 2147483647;
			files = (
				4C8828902149A77B009E10E5 /* LaunchScreen.storyboard in Resources */,
				4C88288D2149A77B009E10E5 /* Assets.xcassets in Resources */,
				4C88288B2149A77A009E10E5 /* Main.storyboard in Resources */,
			);
			runOnlyForDeploymentPostprocessing = 0;
		};
		4C8828942149A77B009E10E5 /* Resources */ = {
			isa = PBXResourcesBuildPhase;
			buildActionMask = 2147483647;
			files = (
			);
			runOnlyForDeploymentPostprocessing = 0;
		};
		4C88289F2149A77B009E10E5 /* Resources */ = {
			isa = PBXResourcesBuildPhase;
			buildActionMask = 2147483647;
			files = (
			);
			runOnlyForDeploymentPostprocessing = 0;
		};
/* End PBXResourcesBuildPhase section */

/* Begin PBXSourcesBuildPhase section */
		4C88287E2149A77A009E10E5 /* Sources */ = {
			isa = PBXSourcesBuildPhase;
			buildActionMask = 2147483647;
			files = (
				4C8828882149A77A009E10E5 /* ViewController.swift in Sources */,
				4C8828862149A77A009E10E5 /* AppDelegate.swift in Sources */,
			);
			runOnlyForDeploymentPostprocessing = 0;
		};
		4C8828922149A77B009E10E5 /* Sources */ = {
			isa = PBXSourcesBuildPhase;
			buildActionMask = 2147483647;
			files = (
				4C88289B2149A77B009E10E5 /* TumblrFeedTests.swift in Sources */,
			);
			runOnlyForDeploymentPostprocessing = 0;
		};
		4C88289D2149A77B009E10E5 /* Sources */ = {
			isa = PBXSourcesBuildPhase;
			buildActionMask = 2147483647;
			files = (
				4C8828A62149A77B009E10E5 /* TumblrFeedUITests.swift in Sources */,
			);
			runOnlyForDeploymentPostprocessing = 0;
		};
/* End PBXSourcesBuildPhase section */

/* Begin PBXTargetDependency section */
		4C8828982149A77B009E10E5 /* PBXTargetDependency */ = {
			isa = PBXTargetDependency;
			target = 4C8828812149A77A009E10E5 /* TumblrFeed */;
			targetProxy = 4C8828972149A77B009E10E5 /* PBXContainerItemProxy */;
		};
		4C8828A32149A77B009E10E5 /* PBXTargetDependency */ = {
			isa = PBXTargetDependency;
			target = 4C8828812149A77A009E10E5 /* TumblrFeed */;
			targetProxy = 4C8828A22149A77B009E10E5 /* PBXContainerItemProxy */;
		};
/* End PBXTargetDependency section */

/* Begin PBXVariantGroup section */
		4C8828892149A77A009E10E5 /* Main.storyboard */ = {
			isa = PBXVariantGroup;
			children = (
				4C88288A2149A77A009E10E5 /* Base */,
			);
			name = Main.storyboard;
			sourceTree = "<group>";
		};
		4C88288E2149A77B009E10E5 /* LaunchScreen.storyboard */ = {
			isa = PBXVariantGroup;
			children = (
				4C88288F2149A77B009E10E5 /* Base */,
			);
			name = LaunchScreen.storyboard;
			sourceTree = "<group>";
		};
/* End PBXVariantGroup section */

/* Begin XCBuildConfiguration section */
		4C8828A82149A77B009E10E5 /* Debug */ = {
			isa = XCBuildConfiguration;
			buildSettings = {
				ALWAYS_SEARCH_USER_PATHS = NO;
				CLANG_ANALYZER_NONNULL = YES;
				CLANG_ANALYZER_NUMBER_OBJECT_CONVERSION = YES_AGGRESSIVE;
				CLANG_CXX_LANGUAGE_STANDARD = "gnu++14";
				CLANG_CXX_LIBRARY = "libc++";
				CLANG_ENABLE_MODULES = YES;
				CLANG_ENABLE_OBJC_ARC = YES;
				CLANG_ENABLE_OBJC_WEAK = YES;
				CLANG_WARN_BLOCK_CAPTURE_AUTORELEASING = YES;
				CLANG_WARN_BOOL_CONVERSION = YES;
				CLANG_WARN_COMMA = YES;
				CLANG_WARN_CONSTANT_CONVERSION = YES;
				CLANG_WARN_DEPRECATED_OBJC_IMPLEMENTATIONS = YES;
				CLANG_WARN_DIRECT_OBJC_ISA_USAGE = YES_ERROR;
				CLANG_WARN_DOCUMENTATION_COMMENTS = YES;
				CLANG_WARN_EMPTY_BODY = YES;
				CLANG_WARN_ENUM_CONVERSION = YES;
				CLANG_WARN_INFINITE_RECURSION = YES;
				CLANG_WARN_INT_CONVERSION = YES;
				CLANG_WARN_NON_LITERAL_NULL_CONVERSION = YES;
				CLANG_WARN_OBJC_IMPLICIT_RETAIN_SELF = YES;
				CLANG_WARN_OBJC_LITERAL_CONVERSION = YES;
				CLANG_WARN_OBJC_ROOT_CLASS = YES_ERROR;
				CLANG_WARN_RANGE_LOOP_ANALYSIS = YES;
				CLANG_WARN_STRICT_PROTOTYPES = YES;
				CLANG_WARN_SUSPICIOUS_MOVE = YES;
				CLANG_WARN_UNGUARDED_AVAILABILITY = YES_AGGRESSIVE;
				CLANG_WARN_UNREACHABLE_CODE = YES;
				CLANG_WARN__DUPLICATE_METHOD_MATCH = YES;
				CODE_SIGN_IDENTITY = "iPhone Developer";
				COPY_PHASE_STRIP = NO;
				DEBUG_INFORMATION_FORMAT = dwarf;
				ENABLE_STRICT_OBJC_MSGSEND = YES;
				ENABLE_TESTABILITY = YES;
				GCC_C_LANGUAGE_STANDARD = gnu11;
				GCC_DYNAMIC_NO_PIC = NO;
				GCC_NO_COMMON_BLOCKS = YES;
				GCC_OPTIMIZATION_LEVEL = 0;
				GCC_PREPROCESSOR_DEFINITIONS = (
					"DEBUG=1",
					"$(inherited)",
				);
				GCC_WARN_64_TO_32_BIT_CONVERSION = YES;
				GCC_WARN_ABOUT_RETURN_TYPE = YES_ERROR;
				GCC_WARN_UNDECLARED_SELECTOR = YES;
				GCC_WARN_UNINITIALIZED_AUTOS = YES_AGGRESSIVE;
				GCC_WARN_UNUSED_FUNCTION = YES;
				GCC_WARN_UNUSED_VARIABLE = YES;
				IPHONEOS_DEPLOYMENT_TARGET = 11.4;
				MTL_ENABLE_DEBUG_INFO = YES;
				ONLY_ACTIVE_ARCH = YES;
				SDKROOT = iphoneos;
				SWIFT_ACTIVE_COMPILATION_CONDITIONS = DEBUG;
				SWIFT_OPTIMIZATION_LEVEL = "-Onone";
			};
			name = Debug;
		};
		4C8828A92149A77B009E10E5 /* Release */ = {
			isa = XCBuildConfiguration;
			buildSettings = {
				ALWAYS_SEARCH_USER_PATHS = NO;
				CLANG_ANALYZER_NONNULL = YES;
				CLANG_ANALYZER_NUMBER_OBJECT_CONVERSION = YES_AGGRESSIVE;
				CLANG_CXX_LANGUAGE_STANDARD = "gnu++14";
				CLANG_CXX_LIBRARY = "libc++";
				CLANG_ENABLE_MODULES = YES;
				CLANG_ENABLE_OBJC_ARC = YES;
				CLANG_ENABLE_OBJC_WEAK = YES;
				CLANG_WARN_BLOCK_CAPTURE_AUTORELEASING = YES;
				CLANG_WARN_BOOL_CONVERSION = YES;
				CLANG_WARN_COMMA = YES;
				CLANG_WARN_CONSTANT_CONVERSION = YES;
				CLANG_WARN_DEPRECATED_OBJC_IMPLEMENTATIONS = YES;
				CLANG_WARN_DIRECT_OBJC_ISA_USAGE = YES_ERROR;
				CLANG_WARN_DOCUMENTATION_COMMENTS = YES;
				CLANG_WARN_EMPTY_BODY = YES;
				CLANG_WARN_ENUM_CONVERSION = YES;
				CLANG_WARN_INFINITE_RECURSION = YES;
				CLANG_WARN_INT_CONVERSION = YES;
				CLANG_WARN_NON_LITERAL_NULL_CONVERSION = YES;
				CLANG_WARN_OBJC_IMPLICIT_RETAIN_SELF = YES;
				CLANG_WARN_OBJC_LITERAL_CONVERSION = YES;
				CLANG_WARN_OBJC_ROOT_CLASS = YES_ERROR;
				CLANG_WARN_RANGE_LOOP_ANALYSIS = YES;
				CLANG_WARN_STRICT_PROTOTYPES = YES;
				CLANG_WARN_SUSPICIOUS_MOVE = YES;
				CLANG_WARN_UNGUARDED_AVAILABILITY = YES_AGGRESSIVE;
				CLANG_WARN_UNREACHABLE_CODE = YES;
				CLANG_WARN__DUPLICATE_METHOD_MATCH = YES;
				CODE_SIGN_IDENTITY = "iPhone Developer";
				COPY_PHASE_STRIP = NO;
				DEBUG_INFORMATION_FORMAT = "dwarf-with-dsym";
				ENABLE_NS_ASSERTIONS = NO;
				ENABLE_STRICT_OBJC_MSGSEND = YES;
				GCC_C_LANGUAGE_STANDARD = gnu11;
				GCC_NO_COMMON_BLOCKS = YES;
				GCC_WARN_64_TO_32_BIT_CONVERSION = YES;
				GCC_WARN_ABOUT_RETURN_TYPE = YES_ERROR;
				GCC_WARN_UNDECLARED_SELECTOR = YES;
				GCC_WARN_UNINITIALIZED_AUTOS = YES_AGGRESSIVE;
				GCC_WARN_UNUSED_FUNCTION = YES;
				GCC_WARN_UNUSED_VARIABLE = YES;
				IPHONEOS_DEPLOYMENT_TARGET = 11.4;
				MTL_ENABLE_DEBUG_INFO = NO;
				SDKROOT = iphoneos;
				SWIFT_COMPILATION_MODE = wholemodule;
				SWIFT_OPTIMIZATION_LEVEL = "-O";
				VALIDATE_PRODUCT = YES;
			};
			name = Release;
		};
		4C8828AB2149A77B009E10E5 /* Debug */ = {
			isa = XCBuildConfiguration;
			buildSettings = {
				ASSETCATALOG_COMPILER_APPICON_NAME = AppIcon;
				CODE_SIGN_STYLE = Automatic;
				DEVELOPMENT_TEAM = WKV25TRBK8;
				INFOPLIST_FILE = TumblrFeed/Info.plist;
				LD_RUNPATH_SEARCH_PATHS = (
					"$(inherited)",
					"@executable_path/Frameworks",
				);
				PRODUCT_BUNDLE_IDENTIFIER = com.mari.TumblrFeed;
				PRODUCT_NAME = "$(TARGET_NAME)";
				SWIFT_VERSION = 4.0;
				TARGETED_DEVICE_FAMILY = "1,2";
			};
			name = Debug;
		};
		4C8828AC2149A77B009E10E5 /* Release */ = {
			isa = XCBuildConfiguration;
			buildSettings = {
				ASSETCATALOG_COMPILER_APPICON_NAME = AppIcon;
				CODE_SIGN_STYLE = Automatic;
				DEVELOPMENT_TEAM = WKV25TRBK8;
				INFOPLIST_FILE = TumblrFeed/Info.plist;
				LD_RUNPATH_SEARCH_PATHS = (
					"$(inherited)",
					"@executable_path/Frameworks",
				);
				PRODUCT_BUNDLE_IDENTIFIER = com.mari.TumblrFeed;
				PRODUCT_NAME = "$(TARGET_NAME)";
				SWIFT_VERSION = 4.0;
				TARGETED_DEVICE_FAMILY = "1,2";
			};
			name = Release;
		};
		4C8828AE2149A77B009E10E5 /* Debug */ = {
			isa = XCBuildConfiguration;
			buildSettings = {
				ALWAYS_EMBED_SWIFT_STANDARD_LIBRARIES = YES;
				BUNDLE_LOADER = "$(TEST_HOST)";
				CODE_SIGN_STYLE = Automatic;
				DEVELOPMENT_TEAM = WKV25TRBK8;
				INFOPLIST_FILE = TumblrFeedTests/Info.plist;
				LD_RUNPATH_SEARCH_PATHS = (
					"$(inherited)",
					"@executable_path/Frameworks",
					"@loader_path/Frameworks",
				);
				PRODUCT_BUNDLE_IDENTIFIER = com.mari.TumblrFeedTests;
				PRODUCT_NAME = "$(TARGET_NAME)";
				SWIFT_VERSION = 4.0;
				TARGETED_DEVICE_FAMILY = "1,2";
				TEST_HOST = "$(BUILT_PRODUCTS_DIR)/TumblrFeed.app/TumblrFeed";
			};
			name = Debug;
		};
		4C8828AF2149A77B009E10E5 /* Release */ = {
			isa = XCBuildConfiguration;
			buildSettings = {
				ALWAYS_EMBED_SWIFT_STANDARD_LIBRARIES = YES;
				BUNDLE_LOADER = "$(TEST_HOST)";
				CODE_SIGN_STYLE = Automatic;
				DEVELOPMENT_TEAM = WKV25TRBK8;
				INFOPLIST_FILE = TumblrFeedTests/Info.plist;
				LD_RUNPATH_SEARCH_PATHS = (
					"$(inherited)",
					"@executable_path/Frameworks",
					"@loader_path/Frameworks",
				);
				PRODUCT_BUNDLE_IDENTIFIER = com.mari.TumblrFeedTests;
				PRODUCT_NAME = "$(TARGET_NAME)";
				SWIFT_VERSION = 4.0;
				TARGETED_DEVICE_FAMILY = "1,2";
				TEST_HOST = "$(BUILT_PRODUCTS_DIR)/TumblrFeed.app/TumblrFeed";
			};
			name = Release;
		};
		4C8828B12149A77B009E10E5 /* Debug */ = {
			isa = XCBuildConfiguration;
			buildSettings = {
				ALWAYS_EMBED_SWIFT_STANDARD_LIBRARIES = YES;
				CODE_SIGN_STYLE = Automatic;
				DEVELOPMENT_TEAM = WKV25TRBK8;
				INFOPLIST_FILE = TumblrFeedUITests/Info.plist;
				LD_RUNPATH_SEARCH_PATHS = (
					"$(inherited)",
					"@executable_path/Frameworks",
					"@loader_path/Frameworks",
				);
				PRODUCT_BUNDLE_IDENTIFIER = com.mari.TumblrFeedUITests;
				PRODUCT_NAME = "$(TARGET_NAME)";
				SWIFT_VERSION = 4.0;
				TARGETED_DEVICE_FAMILY = "1,2";
				TEST_TARGET_NAME = TumblrFeed;
			};
			name = Debug;
		};
		4C8828B22149A77B009E10E5 /* Release */ = {
			isa = XCBuildConfiguration;
			buildSettings = {
				ALWAYS_EMBED_SWIFT_STANDARD_LIBRARIES = YES;
				CODE_SIGN_STYLE = Automatic;
				DEVELOPMENT_TEAM = WKV25TRBK8;
				INFOPLIST_FILE = TumblrFeedUITests/Info.plist;
				LD_RUNPATH_SEARCH_PATHS = (
					"$(inherited)",
					"@executable_path/Frameworks",
					"@loader_path/Frameworks",
				);
				PRODUCT_BUNDLE_IDENTIFIER = com.mari.TumblrFeedUITests;
				PRODUCT_NAME = "$(TARGET_NAME)";
				SWIFT_VERSION = 4.0;
				TARGETED_DEVICE_FAMILY = "1,2";
				TEST_TARGET_NAME = TumblrFeed;
			};
			name = Release;
		};
/* End XCBuildConfiguration section */

/* Begin XCConfigurationList section */
		4C88287D2149A77A009E10E5 /* Build configuration list for PBXProject "TumblrFeed" */ = {
			isa = XCConfigurationList;
			buildConfigurations = (
				4C8828A82149A77B009E10E5 /* Debug */,
				4C8828A92149A77B009E10E5 /* Release */,
			);
			defaultConfigurationIsVisible = 0;
			defaultConfigurationName = Release;
		};
		4C8828AA2149A77B009E10E5 /* Build configuration list for PBXNativeTarget "TumblrFeed" */ = {
			isa = XCConfigurationList;
			buildConfigurations = (
				4C8828AB2149A77B009E10E5 /* Debug */,
				4C8828AC2149A77B009E10E5 /* Release */,
			);
			defaultConfigurationIsVisible = 0;
			defaultConfigurationName = Release;
		};
		4C8828AD2149A77B009E10E5 /* Build configuration list for PBXNativeTarget "TumblrFeedTests" */ = {
			isa = XCConfigurationList;
			buildConfigurations = (
				4C8828AE2149A77B009E10E5 /* Debug */,
				4C8828AF2149A77B009E10E5 /* Release */,
			);
			defaultConfigurationIsVisible = 0;
			defaultConfigurationName = Release;
		};
		4C8828B02149A77B009E10E5 /* Build configuration list for PBXNativeTarget "TumblrFeedUITests" */ = {
			isa = XCConfigurationList;
			buildConfigurations = (
				4C8828B12149A77B009E10E5 /* Debug */,
				4C8828B22149A77B009E10E5 /* Release */,
			);
			defaultConfigurationIsVisible = 0;
			defaultConfigurationName = Release;
		};
/* End XCConfigurationList section */
	};
	rootObject = 4C88287A2149A77A009E10E5 /* Project object */;
}
